{
  "name": "codekit-project",
  "version": "1.0.0",
  "lockfileVersion": 1,
  "requires": true,
  "dependencies": {
    "gsap": {
      "version": "file:../Hope-Zucco-Logo-Reveal-Animation/gsap-bonus.tgz",
      "integrity": "sha512-AkVycF1AK9LzGtuCdIL2ZLI3uMBd64hLkKoKKk4nbFoTsfjF8Sx7jrR/H9tF0qwybsTU+GPXSoIXfBQwDwW79A=="
    },
    "tween-function": {
      "version": "2.0.1",
      "resolved": "https://registry.npmjs.org/tween-function/-/tween-function-2.0.1.tgz",
      "integrity": "sha1-X1K4Em/gONzcgOLpH6er8zY0BqY="
    }
  }
}
