{
  "name": "codekit-project",
  "version": "1.0.0",
  "lockfileVersion": 1,
  "requires": true,
  "dependencies": {
    "@cmgl/tween": {
      "version": "1.0.6",
      "resolved": "https://registry.npmjs.org/@cmgl/tween/-/tween-1.0.6.tgz",
      "integrity": "sha512-/YjdF/F0FBdyn5oh7R+DssQoZS0VI5S110wWHn/Hg5Dg4NkD7nFgifYYXN88DrjQMYuPNzLMFCQlr5UW7UZxNg==",
      "requires": {
        "gsap": "^3.6.0"
      }
    },
    "gsap": {
      "version": "3.9.1",
      "resolved": "/Users/hopezucco/Documents/GitHub/Hope-Zucco-Logo-Reveal-Animation/gsap-bonus.tgz",
      "integrity": "sha512-AkVycF1AK9LzGtuCdIL2ZLI3uMBd64hLkKoKKk4nbFoTsfjF8Sx7jrR/H9tF0qwybsTU+GPXSoIXfBQwDwW79A=="
    },
    "tween-function": {
      "version": "2.0.1",
      "resolved": "https://registry.npmjs.org/tween-function/-/tween-function-2.0.1.tgz",
      "integrity": "sha1-X1K4Em/gONzcgOLpH6er8zY0BqY="
    }
  }
}
